
Microsoft Visual Studio Solution File, Format Version 12.00
# Visual Studio Version 17
VisualStudioVersion = 17.8.34112.27
MinimumVisualStudioVersion = 10.0.40219.1
Project("{8BC9CEB8-8B4A-11D0-8D11-00A0C91BC942}") = "mhw-cs-plugin-loader", "mhw-cs-plugin-loader\mhw-cs-plugin-loader.vcxproj", "{9267FD61-F5BF-4190-B327-8385F8576479}"
EndProject
Project("{9A19103F-16F7-4668-BE54-9A1E7A4F7556}") = "SharpPluginLoader.Bootstrapper", "SharpPluginLoader.Bootstrapper\SharpPluginLoader.Bootstrapper.csproj", "{26472E80-B4EE-483C-B40E-B63CA483623A}"
EndProject
Project("{9A19103F-16F7-4668-BE54-9A1E7A4F7556}") = "SharpPluginLoader.Core", "SharpPluginLoader.Core\SharpPluginLoader.Core.csproj", "{E1916F12-EA12-46DE-9E73-3F7FEE5C8C16}"
EndProject
Project("{9A19103F-16F7-4668-BE54-9A1E7A4F7556}") = "ChunkBuilder", "ChunkBuilder\ChunkBuilder.csproj", "{1E8AD45C-9F95-4FA1-AC7D-01A88750751D}"
EndProject
Project("{2150E333-8FDC-42A3-9474-1A3956D46DE8}") = "Examples", "Examples", "{93226706-71AC-41BC-A457-21D3CAA8C751}"
EndProject
Project("{9A19103F-16F7-4668-BE54-9A1E7A4F7556}") = "GlobalPendant", "Examples\GlobalPendant\GlobalPendant.csproj", "{B863F9CD-B8CD-49B4-A193-5197A94FFCE6}"
EndProject
Project("{9A19103F-16F7-4668-BE54-9A1E7A4F7556}") = "PlayerAnimationViewer", "Examples\PlayerAnimationViewer\PlayerAnimationViewer.csproj", "{F3BD4F8D-FC9B-4D29-A087-FD8E35DFF32D}"
EndProject
Global
	GlobalSection(SolutionConfigurationPlatforms) = preSolution
		Debug|Any CPU = Debug|Any CPU
		Debug|x64 = Debug|x64
		Debug|x86 = Debug|x86
		Release|Any CPU = Release|Any CPU
		Release|x64 = Release|x64
		Release|x86 = Release|x86
	EndGlobalSection
	GlobalSection(ProjectConfigurationPlatforms) = postSolution
		{9267FD61-F5BF-4190-B327-8385F8576479}.Debug|Any CPU.ActiveCfg = Debug|x64
		{9267FD61-F5BF-4190-B327-8385F8576479}.Debug|Any CPU.Build.0 = Debug|x64
		{9267FD61-F5BF-4190-B327-8385F8576479}.Debug|x64.ActiveCfg = Debug|x64
		{9267FD61-F5BF-4190-B327-8385F8576479}.Debug|x64.Build.0 = Debug|x64
		{9267FD61-F5BF-4190-B327-8385F8576479}.Debug|x86.ActiveCfg = Debug|Win32
		{9267FD61-F5BF-4190-B327-8385F8576479}.Debug|x86.Build.0 = Debug|Win32
		{9267FD61-F5BF-4190-B327-8385F8576479}.Release|Any CPU.ActiveCfg = Release|x64
		{9267FD61-F5BF-4190-B327-8385F8576479}.Release|Any CPU.Build.0 = Release|x64
		{9267FD61-F5BF-4190-B327-8385F8576479}.Release|x64.ActiveCfg = Release|x64
		{9267FD61-F5BF-4190-B327-8385F8576479}.Release|x64.Build.0 = Release|x64
		{9267FD61-F5BF-4190-B327-8385F8576479}.Release|x86.ActiveCfg = Release|Win32
		{9267FD61-F5BF-4190-B327-8385F8576479}.Release|x86.Build.0 = Release|Win32
		{26472E80-B4EE-483C-B40E-B63CA483623A}.Debug|Any CPU.ActiveCfg = Debug|Any CPU
		{26472E80-B4EE-483C-B40E-B63CA483623A}.Debug|Any CPU.Build.0 = Debug|Any CPU
		{26472E80-B4EE-483C-B40E-B63CA483623A}.Debug|x64.ActiveCfg = Debug|Any CPU
		{26472E80-B4EE-483C-B40E-B63CA483623A}.Debug|x64.Build.0 = Debug|Any CPU
		{26472E80-B4EE-483C-B40E-B63CA483623A}.Debug|x86.ActiveCfg = Debug|Any CPU
		{26472E80-B4EE-483C-B40E-B63CA483623A}.Debug|x86.Build.0 = Debug|Any CPU
		{26472E80-B4EE-483C-B40E-B63CA483623A}.Release|Any CPU.ActiveCfg = Release|Any CPU
		{26472E80-B4EE-483C-B40E-B63CA483623A}.Release|Any CPU.Build.0 = Release|Any CPU
		{26472E80-B4EE-483C-B40E-B63CA483623A}.Release|x64.ActiveCfg = Release|Any CPU
		{26472E80-B4EE-483C-B40E-B63CA483623A}.Release|x64.Build.0 = Release|Any CPU
		{26472E80-B4EE-483C-B40E-B63CA483623A}.Release|x86.ActiveCfg = Release|Any CPU
		{26472E80-B4EE-483C-B40E-B63CA483623A}.Release|x86.Build.0 = Release|Any CPU
		{E1916F12-EA12-46DE-9E73-3F7FEE5C8C16}.Debug|Any CPU.ActiveCfg = Debug|Any CPU
		{E1916F12-EA12-46DE-9E73-3F7FEE5C8C16}.Debug|Any CPU.Build.0 = Debug|Any CPU
		{E1916F12-EA12-46DE-9E73-3F7FEE5C8C16}.Debug|x64.ActiveCfg = Debug|Any CPU
		{E1916F12-EA12-46DE-9E73-3F7FEE5C8C16}.Debug|x64.Build.0 = Debug|Any CPU
		{E1916F12-EA12-46DE-9E73-3F7FEE5C8C16}.Debug|x86.ActiveCfg = Debug|Any CPU
		{E1916F12-EA12-46DE-9E73-3F7FEE5C8C16}.Debug|x86.Build.0 = Debug|Any CPU
		{E1916F12-EA12-46DE-9E73-3F7FEE5C8C16}.Release|Any CPU.ActiveCfg = Release|Any CPU
		{E1916F12-EA12-46DE-9E73-3F7FEE5C8C16}.Release|Any CPU.Build.0 = Release|Any CPU
		{E1916F12-EA12-46DE-9E73-3F7FEE5C8C16}.Release|x64.ActiveCfg = Release|Any CPU
		{E1916F12-EA12-46DE-9E73-3F7FEE5C8C16}.Release|x64.Build.0 = Release|Any CPU
		{E1916F12-EA12-46DE-9E73-3F7FEE5C8C16}.Release|x86.ActiveCfg = Release|Any CPU
		{E1916F12-EA12-46DE-9E73-3F7FEE5C8C16}.Release|x86.Build.0 = Release|Any CPU
		{1E8AD45C-9F95-4FA1-AC7D-01A88750751D}.Debug|Any CPU.ActiveCfg = Debug|Any CPU
		{1E8AD45C-9F95-4FA1-AC7D-01A88750751D}.Debug|Any CPU.Build.0 = Debug|Any CPU
		{1E8AD45C-9F95-4FA1-AC7D-01A88750751D}.Debug|x64.ActiveCfg = Debug|Any CPU
		{1E8AD45C-9F95-4FA1-AC7D-01A88750751D}.Debug|x64.Build.0 = Debug|Any CPU
		{1E8AD45C-9F95-4FA1-AC7D-01A88750751D}.Debug|x86.ActiveCfg = Debug|Any CPU
		{1E8AD45C-9F95-4FA1-AC7D-01A88750751D}.Debug|x86.Build.0 = Debug|Any CPU
		{1E8AD45C-9F95-4FA1-AC7D-01A88750751D}.Release|Any CPU.ActiveCfg = Release|Any CPU
		{1E8AD45C-9F95-4FA1-AC7D-01A88750751D}.Release|Any CPU.Build.0 = Release|Any CPU
		{1E8AD45C-9F95-4FA1-AC7D-01A88750751D}.Release|x64.ActiveCfg = Release|Any CPU
		{1E8AD45C-9F95-4FA1-AC7D-01A88750751D}.Release|x64.Build.0 = Release|Any CPU
		{1E8AD45C-9F95-4FA1-AC7D-01A88750751D}.Release|x86.ActiveCfg = Release|Any CPU
		{1E8AD45C-9F95-4FA1-AC7D-01A88750751D}.Release|x86.Build.0 = Release|Any CPU
		{B863F9CD-B8CD-49B4-A193-5197A94FFCE6}.Debug|Any CPU.ActiveCfg = Debug|Any CPU
		{B863F9CD-B8CD-49B4-A193-5197A94FFCE6}.Debug|Any CPU.Build.0 = Debug|Any CPU
		{B863F9CD-B8CD-49B4-A193-5197A94FFCE6}.Debug|x64.ActiveCfg = Debug|Any CPU
		{B863F9CD-B8CD-49B4-A193-5197A94FFCE6}.Debug|x64.Build.0 = Debug|Any CPU
		{B863F9CD-B8CD-49B4-A193-5197A94FFCE6}.Debug|x86.ActiveCfg = Debug|Any CPU
		{B863F9CD-B8CD-49B4-A193-5197A94FFCE6}.Debug|x86.Build.0 = Debug|Any CPU
		{B863F9CD-B8CD-49B4-A193-5197A94FFCE6}.Release|Any CPU.ActiveCfg = Release|Any CPU
		{B863F9CD-B8CD-49B4-A193-5197A94FFCE6}.Release|Any CPU.Build.0 = Release|Any CPU
		{B863F9CD-B8CD-49B4-A193-5197A94FFCE6}.Release|x64.ActiveCfg = Release|Any CPU
		{B863F9CD-B8CD-49B4-A193-5197A94FFCE6}.Release|x64.Build.0 = Release|Any CPU
		{B863F9CD-B8CD-49B4-A193-5197A94FFCE6}.Release|x86.ActiveCfg = Release|Any CPU
		{B863F9CD-B8CD-49B4-A193-5197A94FFCE6}.Release|x86.Build.0 = Release|Any CPU
		{F3BD4F8D-FC9B-4D29-A087-FD8E35DFF32D}.Debug|Any CPU.ActiveCfg = Debug|Any CPU
		{F3BD4F8D-FC9B-4D29-A087-FD8E35DFF32D}.Debug|Any CPU.Build.0 = Debug|Any CPU
		{F3BD4F8D-FC9B-4D29-A087-FD8E35DFF32D}.Debug|x64.ActiveCfg = Debug|Any CPU
		{F3BD4F8D-FC9B-4D29-A087-FD8E35DFF32D}.Debug|x64.Build.0 = Debug|Any CPU
		{F3BD4F8D-FC9B-4D29-A087-FD8E35DFF32D}.Debug|x86.ActiveCfg = Debug|Any CPU
		{F3BD4F8D-FC9B-4D29-A087-FD8E35DFF32D}.Debug|x86.Build.0 = Debug|Any CPU
		{F3BD4F8D-FC9B-4D29-A087-FD8E35DFF32D}.Release|Any CPU.ActiveCfg = Release|Any CPU
		{F3BD4F8D-FC9B-4D29-A087-FD8E35DFF32D}.Release|Any CPU.Build.0 = Release|Any CPU
		{F3BD4F8D-FC9B-4D29-A087-FD8E35DFF32D}.Release|x64.ActiveCfg = Release|Any CPU
		{F3BD4F8D-FC9B-4D29-A087-FD8E35DFF32D}.Release|x64.Build.0 = Release|Any CPU
		{F3BD4F8D-FC9B-4D29-A087-FD8E35DFF32D}.Release|x86.ActiveCfg = Release|Any CPU
		{F3BD4F8D-FC9B-4D29-A087-FD8E35DFF32D}.Release|x86.Build.0 = Release|Any CPU
	EndGlobalSection
	GlobalSection(SolutionProperties) = preSolution
		HideSolutionNode = FALSE
	EndGlobalSection
	GlobalSection(NestedProjects) = preSolution
		{B863F9CD-B8CD-49B4-A193-5197A94FFCE6} = {93226706-71AC-41BC-A457-21D3CAA8C751}
		{F3BD4F8D-FC9B-4D29-A087-FD8E35DFF32D} = {93226706-71AC-41BC-A457-21D3CAA8C751}
	EndGlobalSection
	GlobalSection(ExtensibilityGlobals) = postSolution
		SolutionGuid = {623F8CBC-2C3B-488D-B7BB-0140A8201BB7}
	EndGlobalSection
EndGlobal
