<?xml version="1.0" encoding="utf-8"?>
<Project ToolsVersion="4.0" xmlns="http://schemas.microsoft.com/developer/msbuild/2003">
  <ItemGroup>
    <Filter Include="Source Files">
      <UniqueIdentifier>{4FC737F1-C7A5-4376-A066-2A32D752A2FF}</UniqueIdentifier>
      <Extensions>cpp;c;cc;cxx;c++;cppm;ixx;def;odl;idl;hpj;bat;asm;asmx</Extensions>
    </Filter>
    <Filter Include="Header Files">
      <UniqueIdentifier>{93995380-89BD-4b04-88EB-625FBE52EBFB}</UniqueIdentifier>
      <Extensions>h;hh;hpp;hxx;h++;hm;inl;inc;ipp;xsd</Extensions>
    </Filter>
    <Filter Include="Resource Files">
      <UniqueIdentifier>{67DA6AB6-F800-4c08-8B7A-83BB121AAD01}</UniqueIdentifier>
      <Extensions>rc;ico;cur;bmp;dlg;rc2;rct;bin;rgs;gif;jpg;jpeg;jpe;resx;tiff;tif;png;wav;mfcribbon-ms</Extensions>
    </Filter>
    <Filter Include="Source Files\safetyhook">
      <UniqueIdentifier>{ece42020-e76a-4fae-a449-5bcee1ac69c0}</UniqueIdentifier>
    </Filter>
    <Filter Include="Source Files\ImGui">
      <UniqueIdentifier>{8c3e615a-559b-4841-9921-1238bc8f5968}</UniqueIdentifier>
    </Filter>
    <Filter Include="Header Files\ImGui">
      <UniqueIdentifier>{c66af5d4-10bf-40f8-bd49-a0a003037d40}</UniqueIdentifier>
    </Filter>
    <Filter Include="Header Files\Chunk">
      <UniqueIdentifier>{0c4e9f57-5e77-4b71-94ea-e45abb7a2170}</UniqueIdentifier>
    </Filter>
    <Filter Include="Resource Files\Shaders">
      <UniqueIdentifier>{a1d2c7d4-fa1a-43d1-9180-bd1ed7a63fff}</UniqueIdentifier>
    </Filter>
    <Filter Include="Header Files\Modules">
      <UniqueIdentifier>{02ec72f3-0e5f-4cd9-98e9-4546ca3af646}</UniqueIdentifier>
    </Filter>
    <Filter Include="Source Files\Modules">
      <UniqueIdentifier>{c4c2058b-1f63-452b-b29d-9ebbc2ac56ce}</UniqueIdentifier>
    </Filter>
  </ItemGroup>
  <ItemGroup>
    <ClCompile Include="dllmain.cpp">
      <Filter>Source Files</Filter>
    </ClCompile>
    <ClCompile Include="CoreClr.cpp">
      <Filter>Source Files</Filter>
    </ClCompile>
    <ClCompile Include="Log.cpp">
      <Filter>Source Files</Filter>
    </ClCompile>
    <ClCompile Include="NativePluginFramework.cpp">
      <Filter>Source Files</Filter>
    </ClCompile>
    <ClCompile Include="NativeModule.cpp">
      <Filter>Source Files</Filter>
    </ClCompile>
    <ClCompile Include="..\dependencies\safetyhook\src\safetyhook.cpp">
      <Filter>Source Files\safetyhook</Filter>
    </ClCompile>
    <ClCompile Include="..\dependencies\imgui\imgui_impl_dx11.cpp">
      <Filter>Source Files\ImGui</Filter>
    </ClCompile>
    <ClCompile Include="..\dependencies\imgui\imgui_impl_dx12.cpp">
      <Filter>Source Files\ImGui</Filter>
    </ClCompile>
    <ClCompile Include="..\dependencies\imgui\imgui_impl_win32.cpp">
      <Filter>Source Files\ImGui</Filter>
    </ClCompile>
    <ClCompile Include="DelayLoad.cpp">
      <Filter>Source Files</Filter>
    </ClCompile>
    <ClCompile Include="Timeline.cpp">
      <Filter>Source Files\ImGui</Filter>
    </ClCompile>
    <ClCompile Include="D3DModule.cpp">
      <Filter>Source Files\Modules</Filter>
    </ClCompile>
    <ClCompile Include="CoreModule.cpp">
      <Filter>Source Files\Modules</Filter>
    </ClCompile>
    <ClCompile Include="ChunkModule.cpp">
      <Filter>Source Files\Modules</Filter>
    </ClCompile>
    <ClCompile Include="ImGuiModule.cpp">
      <Filter>Source Files\Modules</Filter>
    </ClCompile>
    <ClCompile Include="GuiModule.cpp">
      <Filter>Source Files\Modules</Filter>
    </ClCompile>
    <ClCompile Include="PrimitiveRenderingModule.cpp">
      <Filter>Source Files\Modules</Filter>
    </ClCompile>
    <ClCompile Include="Preloader.cpp">
      <Filter>Source Files</Filter>
    </ClCompile>
    <ClCompile Include="LoaderConfig.cpp">
      <Filter>Source Files</Filter>
    </ClCompile>
  </ItemGroup>
  <ItemGroup>
    <ClInclude Include="CoreClr.h">
      <Filter>Header Files</Filter>
    </ClInclude>
    <ClInclude Include="Log.h">
      <Filter>Header Files</Filter>
    </ClInclude>
    <ClInclude Include="coreclr_delegates.h">
      <Filter>Header Files</Filter>
    </ClInclude>
    <ClInclude Include="hostfxr.h">
      <Filter>Header Files</Filter>
    </ClInclude>
    <ClInclude Include="NativePluginFramework.h">
      <Filter>Header Files</Filter>
    </ClInclude>
    <ClInclude Include="NativeModule.h">
      <Filter>Header Files</Filter>
    </ClInclude>
    <ClInclude Include="SharpPluginLoader.h">
      <Filter>Header Files</Filter>
    </ClInclude>
    <ClInclude Include="..\dependencies\imgui\imgui_impl_dx11.h">
      <Filter>Header Files\ImGui</Filter>
    </ClInclude>
    <ClInclude Include="..\dependencies\imgui\imgui_impl_dx12.h">
      <Filter>Header Files\ImGui</Filter>
    </ClInclude>
    <ClInclude Include="..\dependencies\imgui\imgui_impl_win32.h">
      <Filter>Header Files\ImGui</Filter>
    </ClInclude>
    <ClInclude Include="..\dependencies\imgui\imgui_impl.h">
      <Filter>Header Files\ImGui</Filter>
    </ClInclude>
    <ClInclude Include="Chunk.h">
      <Filter>Header Files\Chunk</Filter>
    </ClInclude>
    <ClInclude Include="FileSystemItem.h">
      <Filter>Header Files\Chunk</Filter>
    </ClInclude>
    <ClInclude Include="FileSystemFile.h">
      <Filter>Header Files\Chunk</Filter>
    </ClInclude>
    <ClInclude Include="FileSystemFolder.h">
      <Filter>Header Files\Chunk</Filter>
    </ClInclude>
    <ClInclude Include="Timeline.h">
      <Filter>Header Files\ImGui</Filter>
    </ClInclude>
    <ClInclude Include="..\dependencies\cimgui\imgui\imgui.h">
      <Filter>Header Files\ImGui</Filter>
    </ClInclude>
    <ClInclude Include="..\dependencies\imgui-notify\imgui_notify.h">
      <Filter>Header Files\ImGui</Filter>
    </ClInclude>
    <ClInclude Include="Primitives.h">
      <Filter>Header Files</Filter>
    </ClInclude>
    <ClInclude Include="HResultHandler.h">
      <Filter>Header Files</Filter>
    </ClInclude>
    <ClInclude Include="GuiModule.h">
      <Filter>Header Files\Modules</Filter>
    </ClInclude>
    <ClInclude Include="CoreModule.h">
      <Filter>Header Files\Modules</Filter>
    </ClInclude>
    <ClInclude Include="D3DModule.h">
      <Filter>Header Files\Modules</Filter>
    </ClInclude>
    <ClInclude Include="ChunkModule.h">
      <Filter>Header Files\Modules</Filter>
    </ClInclude>
    <ClInclude Include="PrimitiveRenderingModule.h">
      <Filter>Header Files\Modules</Filter>
    </ClInclude>
    <ClInclude Include="ImGuiModule.h">
      <Filter>Header Files\Modules</Filter>
    </ClInclude>
    <ClInclude Include="Preloader.h">
      <Filter>Header Files</Filter>
    </ClInclude>
    <ClInclude Include="Config.h">
      <Filter>Header Files</Filter>
    </ClInclude>
    <ClInclude Include="LoaderConfig.h">
      <Filter>Header Files</Filter>
    </ClInclude>
  </ItemGroup>
  <ItemGroup>
    <None Include="SharpPluginLoader.runtimeconfig.json">
      <Filter>Resource Files</Filter>
    </None>
    <None Include="..\README.md">
      <Filter>Resource Files</Filter>
    </None>
    <None Include="..\vcpkg.json">
      <Filter>Resource Files</Filter>
    </None>
    <None Include="Shaders\PrimitiveRenderingPS.hlsl">
      <Filter>Resource Files\Shaders</Filter>
    </None>
    <None Include="Shaders\PrimitiveRenderingVS.hlsl">
      <Filter>Resource Files\Shaders</Filter>
    </None>
    <None Include=".clang-tidy" />
    <None Include="Shaders\LineRenderingVS.hlsl">
      <Filter>Resource Files\Shaders</Filter>
    </None>
    <None Include="Shaders\LineRenderingPS.hlsl">
      <Filter>Resource Files\Shaders</Filter>
    </None>
    <None Include="Shaders\LineRenderingGS.hlsl">
      <Filter>Resource Files\Shaders</Filter>
    </None>
  </ItemGroup>
</Project>